// !$*UTF8*$!
{
	archiveVersion = 1;
	classes = {
	};
	objectVersion = 56;
	objects = {

/* Begin PBXBuildFile section */
		6A19F13E2A1423B200E5E2F7 /* GoogleService-Info.plist in Resources */ = {isa = PBXBuildFile; fileRef = 6A19F13D2A1423B200E5E2F7 /* GoogleService-Info.plist */; };
		6A52A32B2A14221B00F9696F /* FirebaseAuth in Frameworks */ = {isa = PBXBuildFile; productRef = 6A52A32A2A14221B00F9696F /* FirebaseAuth */; };
		6A52A32D2A14221B00F9696F /* FirebaseFirestore in Frameworks */ = {isa = PBXBuildFile; productRef = 6A52A32C2A14221B00F9696F /* FirebaseFirestore */; };
		6A52A32F2A14221B00F9696F /* FirebaseFirestoreSwift in Frameworks */ = {isa = PBXBuildFile; productRef = 6A52A32E2A14221B00F9696F /* FirebaseFirestoreSwift */; };
		6A70193D29E20207007EE2F2 /* ToDoAppSwiftUIApp.swift in Sources */ = {isa = PBXBuildFile; fileRef = 6A70193C29E20207007EE2F2 /* ToDoAppSwiftUIApp.swift */; };
		6A70193F29E20207007EE2F2 /* MainView.swift in Sources */ = {isa = PBXBuildFile; fileRef = 6A70193E29E20207007EE2F2 /* MainView.swift */; };
		6A70194129E20208007EE2F2 /* Assets.xcassets in Resources */ = {isa = PBXBuildFile; fileRef = 6A70194029E20208007EE2F2 /* Assets.xcassets */; };
		6A70194429E20208007EE2F2 /* Preview Assets.xcassets in Resources */ = {isa = PBXBuildFile; fileRef = 6A70194329E20208007EE2F2 /* Preview Assets.xcassets */; };
		6AAF92302A1549BC00256183 /* ProfileView.swift in Sources */ = {isa = PBXBuildFile; fileRef = 6AAF922F2A1549BC00256183 /* ProfileView.swift */; };
		6AAF92322A1549E300256183 /* ToDoListIView.swift in Sources */ = {isa = PBXBuildFile; fileRef = 6AAF92312A1549E300256183 /* ToDoListIView.swift */; };
		6AAF92342A154A0400256183 /* NewItemView.swift in Sources */ = {isa = PBXBuildFile; fileRef = 6AAF92332A154A0400256183 /* NewItemView.swift */; };
		6AAF92362A154A1E00256183 /* LoginView.swift in Sources */ = {isa = PBXBuildFile; fileRef = 6AAF92352A154A1E00256183 /* LoginView.swift */; };
		6AAF92382A154A3500256183 /* RegisterView.swift in Sources */ = {isa = PBXBuildFile; fileRef = 6AAF92372A154A3500256183 /* RegisterView.swift */; };
		6AAF923A2A154ACB00256183 /* ToDoListItemView.swift in Sources */ = {isa = PBXBuildFile; fileRef = 6AAF92392A154ACB00256183 /* ToDoListItemView.swift */; };
		6AAF923C2A154B3700256183 /* User.swift in Sources */ = {isa = PBXBuildFile; fileRef = 6AAF923B2A154B3700256183 /* User.swift */; };
		6AAF923E2A154B4300256183 /* ToDoListItem.swift in Sources */ = {isa = PBXBuildFile; fileRef = 6AAF923D2A154B4300256183 /* ToDoListItem.swift */; };
		6AAF92402A154B7F00256183 /* MainViewViewModel.swift in Sources */ = {isa = PBXBuildFile; fileRef = 6AAF923F2A154B7F00256183 /* MainViewViewModel.swift */; };
		6AAF92422A154B9400256183 /* ProfileViewViewModel.swift in Sources */ = {isa = PBXBuildFile; fileRef = 6AAF92412A154B9400256183 /* ProfileViewViewModel.swift */; };
		6AAF92442A154BA200256183 /* ToDoListIViewViewModel.swift in Sources */ = {isa = PBXBuildFile; fileRef = 6AAF92432A154BA200256183 /* ToDoListIViewViewModel.swift */; };
		6AAF92462A154BB200256183 /* NewItemViewViewModel.swift in Sources */ = {isa = PBXBuildFile; fileRef = 6AAF92452A154BB200256183 /* NewItemViewViewModel.swift */; };
		6AAF92482A154BC400256183 /* LoginViewViewModel.swift in Sources */ = {isa = PBXBuildFile; fileRef = 6AAF92472A154BC400256183 /* LoginViewViewModel.swift */; };
		6AAF924A2A154BD300256183 /* RegisterViewViewModel.swift in Sources */ = {isa = PBXBuildFile; fileRef = 6AAF92492A154BD300256183 /* RegisterViewViewModel.swift */; };
		6AAF924C2A154BE400256183 /* ToDoListItemVieViewModel.swift in Sources */ = {isa = PBXBuildFile; fileRef = 6AAF924B2A154BE400256183 /* ToDoListItemVieViewModel.swift */; };
/* End PBXBuildFile section */

/* Begin PBXFileReference section */
		6A19F13D2A1423B200E5E2F7 /* GoogleService-Info.plist */ = {isa = PBXFileReference; fileEncoding = 4; lastKnownFileType = text.plist.xml; path = "GoogleService-Info.plist"; sourceTree = "<group>"; };
		6A70193929E20207007EE2F2 /* ToDoAppSwiftUI.app */ = {isa = PBXFileReference; explicitFileType = wrapper.application; includeInIndex = 0; path = ToDoAppSwiftUI.app; sourceTree = BUILT_PRODUCTS_DIR; };
		6A70193C29E20207007EE2F2 /* ToDoAppSwiftUIApp.swift */ = {isa = PBXFileReference; lastKnownFileType = sourcecode.swift; path = ToDoAppSwiftUIApp.swift; sourceTree = "<group>"; };
		6A70193E29E20207007EE2F2 /* MainView.swift */ = {isa = PBXFileReference; lastKnownFileType = sourcecode.swift; path = MainView.swift; sourceTree = "<group>"; };
		6A70194029E20208007EE2F2 /* Assets.xcassets */ = {isa = PBXFileReference; lastKnownFileType = folder.assetcatalog; path = Assets.xcassets; sourceTree = "<group>"; };
		6A70194329E20208007EE2F2 /* Preview Assets.xcassets */ = {isa = PBXFileReference; lastKnownFileType = folder.assetcatalog; path = "Preview Assets.xcassets"; sourceTree = "<group>"; };
		6AAF922F2A1549BC00256183 /* ProfileView.swift */ = {isa = PBXFileReference; lastKnownFileType = sourcecode.swift; path = ProfileView.swift; sourceTree = "<group>"; };
		6AAF92312A1549E300256183 /* ToDoListIView.swift */ = {isa = PBXFileReference; lastKnownFileType = sourcecode.swift; path = ToDoListIView.swift; sourceTree = "<group>"; };
		6AAF92332A154A0400256183 /* NewItemView.swift */ = {isa = PBXFileReference; lastKnownFileType = sourcecode.swift; path = NewItemView.swift; sourceTree = "<group>"; };
		6AAF92352A154A1E00256183 /* LoginView.swift */ = {isa = PBXFileReference; lastKnownFileType = sourcecode.swift; path = LoginView.swift; sourceTree = "<group>"; };
		6AAF92372A154A3500256183 /* RegisterView.swift */ = {isa = PBXFileReference; lastKnownFileType = sourcecode.swift; path = RegisterView.swift; sourceTree = "<group>"; };
		6AAF92392A154ACB00256183 /* ToDoListItemView.swift */ = {isa = PBXFileReference; lastKnownFileType = sourcecode.swift; path = ToDoListItemView.swift; sourceTree = "<group>"; };
		6AAF923B2A154B3700256183 /* User.swift */ = {isa = PBXFileReference; lastKnownFileType = sourcecode.swift; path = User.swift; sourceTree = "<group>"; };
		6AAF923D2A154B4300256183 /* ToDoListItem.swift */ = {isa = PBXFileReference; lastKnownFileType = sourcecode.swift; path = ToDoListItem.swift; sourceTree = "<group>"; };
		6AAF923F2A154B7F00256183 /* MainViewViewModel.swift */ = {isa = PBXFileReference; lastKnownFileType = sourcecode.swift; path = MainViewViewModel.swift; sourceTree = "<group>"; };
		6AAF92412A154B9400256183 /* ProfileViewViewModel.swift */ = {isa = PBXFileReference; lastKnownFileType = sourcecode.swift; path = ProfileViewViewModel.swift; sourceTree = "<group>"; };
		6AAF92432A154BA200256183 /* ToDoListIViewViewModel.swift */ = {isa = PBXFileReference; lastKnownFileType = sourcecode.swift; path = ToDoListIViewViewModel.swift; sourceTree = "<group>"; };
		6AAF92452A154BB200256183 /* NewItemViewViewModel.swift */ = {isa = PBXFileReference; lastKnownFileType = sourcecode.swift; path = NewItemViewViewModel.swift; sourceTree = "<group>"; };
		6AAF92472A154BC400256183 /* LoginViewViewModel.swift */ = {isa = PBXFileReference; lastKnownFileType = sourcecode.swift; path = LoginViewViewModel.swift; sourceTree = "<group>"; };
		6AAF92492A154BD300256183 /* RegisterViewViewModel.swift */ = {isa = PBXFileReference; lastKnownFileType = sourcecode.swift; path = RegisterViewViewModel.swift; sourceTree = "<group>"; };
		6AAF924B2A154BE400256183 /* ToDoListItemVieViewModel.swift */ = {isa = PBXFileReference; lastKnownFileType = sourcecode.swift; path = ToDoListItemVieViewModel.swift; sourceTree = "<group>"; };
/* End PBXFileReference section */

/* Begin PBXFrameworksBuildPhase section */
		6A70193629E20207007EE2F2 /* Frameworks */ = {
			isa = PBXFrameworksBuildPhase;
			buildActionMask = 2147483647;
			files = (
				6A52A32B2A14221B00F9696F /* FirebaseAuth in Frameworks */,
				6A52A32D2A14221B00F9696F /* FirebaseFirestore in Frameworks */,
				6A52A32F2A14221B00F9696F /* FirebaseFirestoreSwift in Frameworks */,
			);
			runOnlyForDeploymentPostprocessing = 0;
		};
/* End PBXFrameworksBuildPhase section */

/* Begin PBXGroup section */
		6A19F13F2A1425F200E5E2F7 /* Views */ = {
			isa = PBXGroup;
			children = (
				6A70193E29E20207007EE2F2 /* MainView.swift */,
				6AAF922F2A1549BC00256183 /* ProfileView.swift */,
				6AAF92312A1549E300256183 /* ToDoListIView.swift */,
				6AAF92332A154A0400256183 /* NewItemView.swift */,
				6AAF92352A154A1E00256183 /* LoginView.swift */,
				6AAF92372A154A3500256183 /* RegisterView.swift */,
				6AAF92392A154ACB00256183 /* ToDoListItemView.swift */,
			);
			path = Views;
			sourceTree = "<group>";
		};
		6A19F1402A1425FD00E5E2F7 /* ViewModels */ = {
			isa = PBXGroup;
			children = (
				6AAF923F2A154B7F00256183 /* MainViewViewModel.swift */,
				6AAF92412A154B9400256183 /* ProfileViewViewModel.swift */,
				6AAF92432A154BA200256183 /* ToDoListIViewViewModel.swift */,
				6AAF92452A154BB200256183 /* NewItemViewViewModel.swift */,
				6AAF92472A154BC400256183 /* LoginViewViewModel.swift */,
				6AAF92492A154BD300256183 /* RegisterViewViewModel.swift */,
				6AAF924B2A154BE400256183 /* ToDoListItemVieViewModel.swift */,
			);
			path = ViewModels;
			sourceTree = "<group>";
		};
		6A19F1412A14261500E5E2F7 /* Models */ = {
			isa = PBXGroup;
			children = (
				6AAF923B2A154B3700256183 /* User.swift */,
				6AAF923D2A154B4300256183 /* ToDoListItem.swift */,
			);
			path = Models;
			sourceTree = "<group>";
		};
		6A19F1422A14264800E5E2F7 /* Others */ = {
			isa = PBXGroup;
			children = (
				6A19F13D2A1423B200E5E2F7 /* GoogleService-Info.plist */,
				6A70193C29E20207007EE2F2 /* ToDoAppSwiftUIApp.swift */,
				6A70194029E20208007EE2F2 /* Assets.xcassets */,
			);
			path = Others;
			sourceTree = "<group>";
		};
		6A70193029E20207007EE2F2 = {
			isa = PBXGroup;
			children = (
				6A70193B29E20207007EE2F2 /* ToDoAppSwiftUI */,
				6A70193A29E20207007EE2F2 /* Products */,
			);
			sourceTree = "<group>";
		};
		6A70193A29E20207007EE2F2 /* Products */ = {
			isa = PBXGroup;
			children = (
				6A70193929E20207007EE2F2 /* ToDoAppSwiftUI.app */,
			);
			name = Products;
			sourceTree = "<group>";
		};
		6A70193B29E20207007EE2F2 /* ToDoAppSwiftUI */ = {
			isa = PBXGroup;
			children = (
				6A19F1422A14264800E5E2F7 /* Others */,
				6A19F1412A14261500E5E2F7 /* Models */,
				6A19F1402A1425FD00E5E2F7 /* ViewModels */,
				6A19F13F2A1425F200E5E2F7 /* Views */,
				6A70194229E20208007EE2F2 /* Preview Content */,
			);
			path = ToDoAppSwiftUI;
			sourceTree = "<group>";
		};
		6A70194229E20208007EE2F2 /* Preview Content */ = {
			isa = PBXGroup;
			children = (
				6A70194329E20208007EE2F2 /* Preview Assets.xcassets */,
			);
			path = "Preview Content";
			sourceTree = "<group>";
		};
/* End PBXGroup section */

/* Begin PBXNativeTarget section */
		6A70193829E20207007EE2F2 /* ToDoAppSwiftUI */ = {
			isa = PBXNativeTarget;
			buildConfigurationList = 6A70194729E20208007EE2F2 /* Build configuration list for PBXNativeTarget "ToDoAppSwiftUI" */;
			buildPhases = (
				6A70193529E20207007EE2F2 /* Sources */,
				6A70193629E20207007EE2F2 /* Frameworks */,
				6A70193729E20207007EE2F2 /* Resources */,
			);
			buildRules = (
			);
			dependencies = (
			);
			name = ToDoAppSwiftUI;
			packageProductDependencies = (
				6A52A32A2A14221B00F9696F /* FirebaseAuth */,
				6A52A32C2A14221B00F9696F /* FirebaseFirestore */,
				6A52A32E2A14221B00F9696F /* FirebaseFirestoreSwift */,
			);
			productName = ToDoAppSwiftUI;
			productReference = 6A70193929E20207007EE2F2 /* ToDoAppSwiftUI.app */;
			productType = "com.apple.product-type.application";
		};
/* End PBXNativeTarget section */

/* Begin PBXProject section */
		6A70193129E20207007EE2F2 /* Project object */ = {
			isa = PBXProject;
			attributes = {
				BuildIndependentTargetsInParallel = 1;
				LastSwiftUpdateCheck = 1430;
				LastUpgradeCheck = 1430;
				TargetAttributes = {
					6A70193829E20207007EE2F2 = {
						CreatedOnToolsVersion = 14.3;
					};
				};
			};
			buildConfigurationList = 6A70193429E20207007EE2F2 /* Build configuration list for PBXProject "ToDoAppSwiftUI" */;
			compatibilityVersion = "Xcode 14.0";
			developmentRegion = en;
			hasScannedForEncodings = 0;
			knownRegions = (
				en,
				Base,
			);
			mainGroup = 6A70193029E20207007EE2F2;
			packageReferences = (
				6A52A3292A14221B00F9696F /* XCRemoteSwiftPackageReference "firebase-ios-sdk" */,
			);
			productRefGroup = 6A70193A29E20207007EE2F2 /* Products */;
			projectDirPath = "";
			projectRoot = "";
			targets = (
				6A70193829E20207007EE2F2 /* ToDoAppSwiftUI */,
			);
		};
/* End PBXProject section */

/* Begin PBXResourcesBuildPhase section */
		6A70193729E20207007EE2F2 /* Resources */ = {
			isa = PBXResourcesBuildPhase;
			buildActionMask = 2147483647;
			files = (
				6A70194429E20208007EE2F2 /* Preview Assets.xcassets in Resources */,
				6A70194129E20208007EE2F2 /* Assets.xcassets in Resources */,
				6A19F13E2A1423B200E5E2F7 /* GoogleService-Info.plist in Resources */,
			);
			runOnlyForDeploymentPostprocessing = 0;
		};
/* End PBXResourcesBuildPhase section */

/* Begin PBXSourcesBuildPhase section */
		6A70193529E20207007EE2F2 /* Sources */ = {
			isa = PBXSourcesBuildPhase;
			buildActionMask = 2147483647;
			files = (
				6AAF92362A154A1E00256183 /* LoginView.swift in Sources */,
				6A70193F29E20207007EE2F2 /* MainView.swift in Sources */,
				6AAF924A2A154BD300256183 /* RegisterViewViewModel.swift in Sources */,
				6AAF92402A154B7F00256183 /* MainViewViewModel.swift in Sources */,
				6AAF92442A154BA200256183 /* ToDoListIViewViewModel.swift in Sources */,
				6AAF92322A1549E300256183 /* ToDoListIView.swift in Sources */,
				6AAF92382A154A3500256183 /* RegisterView.swift in Sources */,
				6AAF92422A154B9400256183 /* ProfileViewViewModel.swift in Sources */,
				6AAF92302A1549BC00256183 /* ProfileView.swift in Sources */,
				6AAF924C2A154BE400256183 /* ToDoListItemVieViewModel.swift in Sources */,
				6AAF923C2A154B3700256183 /* User.swift in Sources */,
				6AAF923A2A154ACB00256183 /* ToDoListItemView.swift in Sources */,
				6AAF92482A154BC400256183 /* LoginViewViewModel.swift in Sources */,
				6A70193D29E20207007EE2F2 /* ToDoAppSwiftUIApp.swift in Sources */,
				6AAF923E2A154B4300256183 /* ToDoListItem.swift in Sources */,
				6AAF92342A154A0400256183 /* NewItemView.swift in Sources */,
				6AAF92462A154BB200256183 /* NewItemViewViewModel.swift in Sources */,
			);
			runOnlyForDeploymentPostprocessing = 0;
		};
/* End PBXSourcesBuildPhase section */

/* Begin XCBuildConfiguration section */
		6A70194529E20208007EE2F2 /* Debug */ = {
			isa = XCBuildConfiguration;
			buildSettings = {
				ALWAYS_SEARCH_USER_PATHS = NO;
				CLANG_ANALYZER_NONNULL = YES;
				CLANG_ANALYZER_NUMBER_OBJECT_CONVERSION = YES_AGGRESSIVE;
				CLANG_CXX_LANGUAGE_STANDARD = "gnu++20";
				CLANG_ENABLE_MODULES = YES;
				CLANG_ENABLE_OBJC_ARC = YES;
				CLANG_ENABLE_OBJC_WEAK = YES;
				CLANG_WARN_BLOCK_CAPTURE_AUTORELEASING = YES;
				CLANG_WARN_BOOL_CONVERSION = YES;
				CLANG_WARN_COMMA = YES;
				CLANG_WARN_CONSTANT_CONVERSION = YES;
				CLANG_WARN_DEPRECATED_OBJC_IMPLEMENTATIONS = YES;
				CLANG_WARN_DIRECT_OBJC_ISA_USAGE = YES_ERROR;
				CLANG_WARN_DOCUMENTATION_COMMENTS = YES;
				CLANG_WARN_EMPTY_BODY = YES;
				CLANG_WARN_ENUM_CONVERSION = YES;
				CLANG_WARN_INFINITE_RECURSION = YES;
				CLANG_WARN_INT_CONVERSION = YES;
				CLANG_WARN_NON_LITERAL_NULL_CONVERSION = YES;
				CLANG_WARN_OBJC_IMPLICIT_RETAIN_SELF = YES;
				CLANG_WARN_OBJC_LITERAL_CONVERSION = YES;
				CLANG_WARN_OBJC_ROOT_CLASS = YES_ERROR;
				CLANG_WARN_QUOTED_INCLUDE_IN_FRAMEWORK_HEADER = YES;
				CLANG_WARN_RANGE_LOOP_ANALYSIS = YES;
				CLANG_WARN_STRICT_PROTOTYPES = YES;
				CLANG_WARN_SUSPICIOUS_MOVE = YES;
				CLANG_WARN_UNGUARDED_AVAILABILITY = YES_AGGRESSIVE;
				CLANG_WARN_UNREACHABLE_CODE = YES;
				CLANG_WARN__DUPLICATE_METHOD_MATCH = YES;
				COPY_PHASE_STRIP = NO;
				DEBUG_INFORMATION_FORMAT = dwarf;
				ENABLE_STRICT_OBJC_MSGSEND = YES;
				ENABLE_TESTABILITY = YES;
				GCC_C_LANGUAGE_STANDARD = gnu11;
				GCC_DYNAMIC_NO_PIC = NO;
				GCC_NO_COMMON_BLOCKS = YES;
				GCC_OPTIMIZATION_LEVEL = 0;
				GCC_PREPROCESSOR_DEFINITIONS = (
					"DEBUG=1",
					"$(inherited)",
				);
				GCC_WARN_64_TO_32_BIT_CONVERSION = YES;
				GCC_WARN_ABOUT_RETURN_TYPE = YES_ERROR;
				GCC_WARN_UNDECLARED_SELECTOR = YES;
				GCC_WARN_UNINITIALIZED_AUTOS = YES_AGGRESSIVE;
				GCC_WARN_UNUSED_FUNCTION = YES;
				GCC_WARN_UNUSED_VARIABLE = YES;
				IPHONEOS_DEPLOYMENT_TARGET = 16.4;
				MTL_ENABLE_DEBUG_INFO = INCLUDE_SOURCE;
				MTL_FAST_MATH = YES;
				ONLY_ACTIVE_ARCH = YES;
				SDKROOT = iphoneos;
				SWIFT_ACTIVE_COMPILATION_CONDITIONS = DEBUG;
				SWIFT_OPTIMIZATION_LEVEL = "-Onone";
			};
			name = Debug;
		};
		6A70194629E20208007EE2F2 /* Release */ = {
			isa = XCBuildConfiguration;
			buildSettings = {
				ALWAYS_SEARCH_USER_PATHS = NO;
				CLANG_ANALYZER_NONNULL = YES;
				CLANG_ANALYZER_NUMBER_OBJECT_CONVERSION = YES_AGGRESSIVE;
				CLANG_CXX_LANGUAGE_STANDARD = "gnu++20";
				CLANG_ENABLE_MODULES = YES;
				CLANG_ENABLE_OBJC_ARC = YES;
				CLANG_ENABLE_OBJC_WEAK = YES;
				CLANG_WARN_BLOCK_CAPTURE_AUTORELEASING = YES;
				CLANG_WARN_BOOL_CONVERSION = YES;
				CLANG_WARN_COMMA = YES;
				CLANG_WARN_CONSTANT_CONVERSION = YES;
				CLANG_WARN_DEPRECATED_OBJC_IMPLEMENTATIONS = YES;
				CLANG_WARN_DIRECT_OBJC_ISA_USAGE = YES_ERROR;
				CLANG_WARN_DOCUMENTATION_COMMENTS = YES;
				CLANG_WARN_EMPTY_BODY = YES;
				CLANG_WARN_ENUM_CONVERSION = YES;
				CLANG_WARN_INFINITE_RECURSION = YES;
				CLANG_WARN_INT_CONVERSION = YES;
				CLANG_WARN_NON_LITERAL_NULL_CONVERSION = YES;
				CLANG_WARN_OBJC_IMPLICIT_RETAIN_SELF = YES;
				CLANG_WARN_OBJC_LITERAL_CONVERSION = YES;
				CLANG_WARN_OBJC_ROOT_CLASS = YES_ERROR;
				CLANG_WARN_QUOTED_INCLUDE_IN_FRAMEWORK_HEADER = YES;
				CLANG_WARN_RANGE_LOOP_ANALYSIS = YES;
				CLANG_WARN_STRICT_PROTOTYPES = YES;
				CLANG_WARN_SUSPICIOUS_MOVE = YES;
				CLANG_WARN_UNGUARDED_AVAILABILITY = YES_AGGRESSIVE;
				CLANG_WARN_UNREACHABLE_CODE = YES;
				CLANG_WARN__DUPLICATE_METHOD_MATCH = YES;
				COPY_PHASE_STRIP = NO;
				DEBUG_INFORMATION_FORMAT = "dwarf-with-dsym";
				ENABLE_NS_ASSERTIONS = NO;
				ENABLE_STRICT_OBJC_MSGSEND = YES;
				GCC_C_LANGUAGE_STANDARD = gnu11;
				GCC_NO_COMMON_BLOCKS = YES;
				GCC_WARN_64_TO_32_BIT_CONVERSION = YES;
				GCC_WARN_ABOUT_RETURN_TYPE = YES_ERROR;
				GCC_WARN_UNDECLARED_SELECTOR = YES;
				GCC_WARN_UNINITIALIZED_AUTOS = YES_AGGRESSIVE;
				GCC_WARN_UNUSED_FUNCTION = YES;
				GCC_WARN_UNUSED_VARIABLE = YES;
				IPHONEOS_DEPLOYMENT_TARGET = 16.4;
				MTL_ENABLE_DEBUG_INFO = NO;
				MTL_FAST_MATH = YES;
				SDKROOT = iphoneos;
				SWIFT_COMPILATION_MODE = wholemodule;
				SWIFT_OPTIMIZATION_LEVEL = "-O";
				VALIDATE_PRODUCT = YES;
			};
			name = Release;
		};
		6A70194829E20208007EE2F2 /* Debug */ = {
			isa = XCBuildConfiguration;
			buildSettings = {
				ASSETCATALOG_COMPILER_APPICON_NAME = AppIcon;
				ASSETCATALOG_COMPILER_GLOBAL_ACCENT_COLOR_NAME = AccentColor;
				CODE_SIGN_STYLE = Automatic;
				CURRENT_PROJECT_VERSION = 1;
				DEVELOPMENT_ASSET_PATHS = "\"ToDoAppSwiftUI/Preview Content\"";
				ENABLE_PREVIEWS = YES;
				GENERATE_INFOPLIST_FILE = YES;
				INFOPLIST_KEY_CFBundleDisplayName = "To Do List";
				INFOPLIST_KEY_UIApplicationSceneManifest_Generation = YES;
				INFOPLIST_KEY_UIApplicationSupportsIndirectInputEvents = YES;
				INFOPLIST_KEY_UILaunchScreen_Generation = YES;
				INFOPLIST_KEY_UISupportedInterfaceOrientations = UIInterfaceOrientationPortrait;
				LD_RUNPATH_SEARCH_PATHS = (
					"$(inherited)",
					"@executable_path/Frameworks",
				);
				MARKETING_VERSION = 1.0;
				PRODUCT_BUNDLE_IDENTIFIER = private.ToDoAppSwiftUI;
				PRODUCT_NAME = "$(TARGET_NAME)";
				SWIFT_EMIT_LOC_STRINGS = YES;
				SWIFT_VERSION = 5.0;
				TARGETED_DEVICE_FAMILY = "1,2";
			};
			name = Debug;
		};
		6A70194929E20208007EE2F2 /* Release */ = {
			isa = XCBuildConfiguration;
			buildSettings = {
				ASSETCATALOG_COMPILER_APPICON_NAME = AppIcon;
				ASSETCATALOG_COMPILER_GLOBAL_ACCENT_COLOR_NAME = AccentColor;
				CODE_SIGN_STYLE = Automatic;
				CURRENT_PROJECT_VERSION = 1;
				DEVELOPMENT_ASSET_PATHS = "\"ToDoAppSwiftUI/Preview Content\"";
				ENABLE_PREVIEWS = YES;
				GENERATE_INFOPLIST_FILE = YES;
				INFOPLIST_KEY_CFBundleDisplayName = "To Do List";
				INFOPLIST_KEY_UIApplicationSceneManifest_Generation = YES;
				INFOPLIST_KEY_UIApplicationSupportsIndirectInputEvents = YES;
				INFOPLIST_KEY_UILaunchScreen_Generation = YES;
				INFOPLIST_KEY_UISupportedInterfaceOrientations = UIInterfaceOrientationPortrait;
				LD_RUNPATH_SEARCH_PATHS = (
					"$(inherited)",
					"@executable_path/Frameworks",
				);
				MARKETING_VERSION = 1.0;
				PRODUCT_BUNDLE_IDENTIFIER = private.ToDoAppSwiftUI;
				PRODUCT_NAME = "$(TARGET_NAME)";
				SWIFT_EMIT_LOC_STRINGS = YES;
				SWIFT_VERSION = 5.0;
				TARGETED_DEVICE_FAMILY = "1,2";
			};
			name = Release;
		};
/* End XCBuildConfiguration section */

/* Begin XCConfigurationList section */
		6A70193429E20207007EE2F2 /* Build configuration list for PBXProject "ToDoAppSwiftUI" */ = {
			isa = XCConfigurationList;
			buildConfigurations = (
				6A70194529E20208007EE2F2 /* Debug */,
				6A70194629E20208007EE2F2 /* Release */,
			);
			defaultConfigurationIsVisible = 0;
			defaultConfigurationName = Release;
		};
		6A70194729E20208007EE2F2 /* Build configuration list for PBXNativeTarget "ToDoAppSwiftUI" */ = {
			isa = XCConfigurationList;
			buildConfigurations = (
				6A70194829E20208007EE2F2 /* Debug */,
				6A70194929E20208007EE2F2 /* Release */,
			);
			defaultConfigurationIsVisible = 0;
			defaultConfigurationName = Release;
		};
/* End XCConfigurationList section */

/* Begin XCRemoteSwiftPackageReference section */
		6A52A3292A14221B00F9696F /* XCRemoteSwiftPackageReference "firebase-ios-sdk" */ = {
			isa = XCRemoteSwiftPackageReference;
			repositoryURL = "https://github.com/firebase/firebase-ios-sdk.git";
			requirement = {
				kind = upToNextMajorVersion;
				minimumVersion = 10.0.0;
			};
		};
/* End XCRemoteSwiftPackageReference section */

/* Begin XCSwiftPackageProductDependency section */
		6A52A32A2A14221B00F9696F /* FirebaseAuth */ = {
			isa = XCSwiftPackageProductDependency;
			package = 6A52A3292A14221B00F9696F /* XCRemoteSwiftPackageReference "firebase-ios-sdk" */;
			productName = FirebaseAuth;
		};
		6A52A32C2A14221B00F9696F /* FirebaseFirestore */ = {
			isa = XCSwiftPackageProductDependency;
			package = 6A52A3292A14221B00F9696F /* XCRemoteSwiftPackageReference "firebase-ios-sdk" */;
			productName = FirebaseFirestore;
		};
		6A52A32E2A14221B00F9696F /* FirebaseFirestoreSwift */ = {
			isa = XCSwiftPackageProductDependency;
			package = 6A52A3292A14221B00F9696F /* XCRemoteSwiftPackageReference "firebase-ios-sdk" */;
			productName = FirebaseFirestoreSwift;
		};
/* End XCSwiftPackageProductDependency section */
	};
	rootObject = 6A70193129E20207007EE2F2 /* Project object */;
}
